
Microsoft Visual Studio Solution File, Format Version 12.00
# Visual Studio Version 17
VisualStudioVersion = 17.5.33424.131
MinimumVisualStudioVersion = 10.0.40219.1
Project("{FAE04EC0-301F-11D3-BF4B-00C04F79EFBC}") = "osmonIdeTiny", "osmonIdeTiny.csproj", "{AB3C13C2-D080-4CAD-95A5-8D920435AAB3}"
EndProject
Global
	GlobalSection(SolutionConfigurationPlatforms) = preSolution
		Debug|Any CPU = Debug|Any CPU
		Release|Any CPU = Release|Any CPU
	EndGlobalSection
	GlobalSection(ProjectConfigurationPlatforms) = postSolution
		{AB3C13C2-D080-4CAD-95A5-8D920435AAB3}.Debug|Any CPU.ActiveCfg = Debug|Any CPU
		{AB3C13C2-D080-4CAD-95A5-8D920435AAB3}.Debug|Any CPU.Build.0 = Debug|Any CPU
		{AB3C13C2-D080-4CAD-95A5-8D920435AAB3}.Release|Any CPU.ActiveCfg = Release|Any CPU
		{AB3C13C2-D080-4CAD-95A5-8D920435AAB3}.Release|Any CPU.Build.0 = Release|Any CPU
	EndGlobalSection
	GlobalSection(SolutionProperties) = preSolution
		HideSolutionNode = FALSE
	EndGlobalSection
	GlobalSection(ExtensibilityGlobals) = postSolution
		SolutionGuid = {7F59C3F4-C4B8-4480-A683-82B9D0697474}
	EndGlobalSection
EndGlobal
